
Microsoft Visual Studio Solution File, Format Version 12.00
# Visual Studio Version 16
VisualStudioVersion = 16.0.30804.86
MinimumVisualStudioVersion = 10.0.40219.1
Project("{8BC9CEB8-8B4A-11D0-8D11-00A0C91BC942}") = "PW_Classic", "PW_Classic\PW_Classic.vcxproj", "{5843CF5C-D48C-4E78-8484-0B7E47612358}"
EndProject
Project("{FAE04EC0-301F-11D3-BF4B-00C04F79EFBC}") = "AutoLogin", "AutoLogin\AutoLogin.csproj", "{4070AA18-9F77-481A-A6AF-D7A627084EDC}"
EndProject
Global
	GlobalSection(SolutionConfigurationPlatforms) = preSolution
		Debug|Any CPU = Debug|Any CPU
		Debug|x64 = Debug|x64
		Debug|x86 = Debug|x86
		Release|Any CPU = Release|Any CPU
		Release|x64 = Release|x64
		Release|x86 = Release|x86
	EndGlobalSection
	GlobalSection(ProjectConfigurationPlatforms) = postSolution
		{5843CF5C-D48C-4E78-8484-0B7E47612358}.Debug|Any CPU.ActiveCfg = Debug|Win32
		{5843CF5C-D48C-4E78-8484-0B7E47612358}.Debug|x64.ActiveCfg = Debug|x64
		{5843CF5C-D48C-4E78-8484-0B7E47612358}.Debug|x64.Build.0 = Debug|x64
		{5843CF5C-D48C-4E78-8484-0B7E47612358}.Debug|x86.ActiveCfg = Debug|Win32
		{5843CF5C-D48C-4E78-8484-0B7E47612358}.Debug|x86.Build.0 = Debug|Win32
		{5843CF5C-D48C-4E78-8484-0B7E47612358}.Release|Any CPU.ActiveCfg = Release|Win32
		{5843CF5C-D48C-4E78-8484-0B7E47612358}.Release|x64.ActiveCfg = Release|x64
		{5843CF5C-D48C-4E78-8484-0B7E47612358}.Release|x64.Build.0 = Release|x64
		{5843CF5C-D48C-4E78-8484-0B7E47612358}.Release|x86.ActiveCfg = Release|Win32
		{5843CF5C-D48C-4E78-8484-0B7E47612358}.Release|x86.Build.0 = Release|Win32
		{4070AA18-9F77-481A-A6AF-D7A627084EDC}.Debug|Any CPU.ActiveCfg = Debug|Any CPU
		{4070AA18-9F77-481A-A6AF-D7A627084EDC}.Debug|Any CPU.Build.0 = Debug|Any CPU
		{4070AA18-9F77-481A-A6AF-D7A627084EDC}.Debug|x64.ActiveCfg = Debug|Any CPU
		{4070AA18-9F77-481A-A6AF-D7A627084EDC}.Debug|x64.Build.0 = Debug|Any CPU
		{4070AA18-9F77-481A-A6AF-D7A627084EDC}.Debug|x86.ActiveCfg = Debug|Any CPU
		{4070AA18-9F77-481A-A6AF-D7A627084EDC}.Debug|x86.Build.0 = Debug|Any CPU
		{4070AA18-9F77-481A-A6AF-D7A627084EDC}.Release|Any CPU.ActiveCfg = Release|Any CPU
		{4070AA18-9F77-481A-A6AF-D7A627084EDC}.Release|Any CPU.Build.0 = Release|Any CPU
		{4070AA18-9F77-481A-A6AF-D7A627084EDC}.Release|x64.ActiveCfg = Release|Any CPU
		{4070AA18-9F77-481A-A6AF-D7A627084EDC}.Release|x64.Build.0 = Release|Any CPU
		{4070AA18-9F77-481A-A6AF-D7A627084EDC}.Release|x86.ActiveCfg = Release|Any CPU
		{4070AA18-9F77-481A-A6AF-D7A627084EDC}.Release|x86.Build.0 = Release|Any CPU
	EndGlobalSection
	GlobalSection(SolutionProperties) = preSolution
		HideSolutionNode = FALSE
	EndGlobalSection
	GlobalSection(ExtensibilityGlobals) = postSolution
		SolutionGuid = {68E5C744-6880-4B12-9632-FCDFD0CDA3EE}
	EndGlobalSection
EndGlobal
